
Microsoft Visual Studio Solution File, Format Version 12.00
# Visual Studio 14
VisualStudioVersion = 14.0.23107.0
MinimumVisualStudioVersion = 10.0.40219.1
Project("{FAE04EC0-301F-11D3-BF4B-00C04F79EFBC}") = "elevendll", "elevendll\elevendll.csproj", "{E94880AC-6820-456E-89B5-EB2BA7453FC3}"
EndProject
Project("{FAE04EC0-301F-11D3-BF4B-00C04F79EFBC}") = "test", "test\test.csproj", "{A4865370-B790-47A2-9116-A83E8124394F}"
EndProject
Global
	GlobalSection(SolutionConfigurationPlatforms) = preSolution
		Debug|Any CPU = Debug|Any CPU
		Release|Any CPU = Release|Any CPU
	EndGlobalSection
	GlobalSection(ProjectConfigurationPlatforms) = postSolution
		{E94880AC-6820-456E-89B5-EB2BA7453FC3}.Debug|Any CPU.ActiveCfg = Debug|Any CPU
		{E94880AC-6820-456E-89B5-EB2BA7453FC3}.Debug|Any CPU.Build.0 = Debug|Any CPU
		{E94880AC-6820-456E-89B5-EB2BA7453FC3}.Release|Any CPU.ActiveCfg = Release|Any CPU
		{E94880AC-6820-456E-89B5-EB2BA7453FC3}.Release|Any CPU.Build.0 = Release|Any CPU
		{A4865370-B790-47A2-9116-A83E8124394F}.Debug|Any CPU.ActiveCfg = Debug|Any CPU
		{A4865370-B790-47A2-9116-A83E8124394F}.Debug|Any CPU.Build.0 = Debug|Any CPU
		{A4865370-B790-47A2-9116-A83E8124394F}.Release|Any CPU.ActiveCfg = Release|Any CPU
		{A4865370-B790-47A2-9116-A83E8124394F}.Release|Any CPU.Build.0 = Release|Any CPU
	EndGlobalSection
	GlobalSection(SolutionProperties) = preSolution
		HideSolutionNode = FALSE
	EndGlobalSection
EndGlobal
